// !$*UTF8*$!
{
	archiveVersion = 1;
	classes = {
	};
	objectVersion = 55;
	objects = {

/* Begin PBXBuildFile section */
		54995F4C28B10444006D353B /* LocalFeedImage.swift in Sources */ = {isa = PBXBuildFile; fileRef = 54995F4B28B10444006D353B /* LocalFeedImage.swift */; };
		54995F4E28B14A2F006D353B /* RemoteFeedItem.swift in Sources */ = {isa = PBXBuildFile; fileRef = 54995F4D28B14A2F006D353B /* RemoteFeedItem.swift */; };
		54995F5028B15F66006D353B /* LoadFeedFromCacheUseCaseTests.swift in Sources */ = {isa = PBXBuildFile; fileRef = 54995F4F28B15F66006D353B /* LoadFeedFromCacheUseCaseTests.swift */; };
		54995F5228B15F95006D353B /* FeedStoreSpy.swift in Sources */ = {isa = PBXBuildFile; fileRef = 54995F5128B15F95006D353B /* FeedStoreSpy.swift */; };
		54995F5428B3A3BD006D353B /* ValidateFeedCacheUseCaseTests.swift in Sources */ = {isa = PBXBuildFile; fileRef = 54995F5328B3A3BD006D353B /* ValidateFeedCacheUseCaseTests.swift */; };
		54995F5628B3AD26006D353B /* FeedCacheTestHelpers.swift in Sources */ = {isa = PBXBuildFile; fileRef = 54995F5528B3AD26006D353B /* FeedCacheTestHelpers.swift */; };
		54995F5828B3AEFA006D353B /* SharedTestHelpers.swift in Sources */ = {isa = PBXBuildFile; fileRef = 54995F5728B3AEFA006D353B /* SharedTestHelpers.swift */; };
		54995F5A28B3B10D006D353B /* FeedCachePolicy.swift in Sources */ = {isa = PBXBuildFile; fileRef = 54995F5928B3B10D006D353B /* FeedCachePolicy.swift */; };
		54BB3BA22893D572007A6138 /* EssentialFeed.framework in Frameworks */ = {isa = PBXBuildFile; fileRef = 54BB3B992893D572007A6138 /* EssentialFeed.framework */; };
		54BB3BB22893D593007A6138 /* FeedImage.swift in Sources */ = {isa = PBXBuildFile; fileRef = 54BB3BB12893D593007A6138 /* FeedImage.swift */; };
		54BB3BB42893D5F3007A6138 /* FeedLoader.swift in Sources */ = {isa = PBXBuildFile; fileRef = 54BB3BB32893D5F3007A6138 /* FeedLoader.swift */; };
		54BB3BB72893E065007A6138 /* LoadFeedFromRemoteUseCaseTests.swift in Sources */ = {isa = PBXBuildFile; fileRef = 54BB3BB62893E065007A6138 /* LoadFeedFromRemoteUseCaseTests.swift */; };
		54BB3BBA2893EB5F007A6138 /* RemoteFeedLoader.swift in Sources */ = {isa = PBXBuildFile; fileRef = 54BB3BB92893EB5F007A6138 /* RemoteFeedLoader.swift */; };
		54BD29F32899A8EE00222491 /* HTTPClient.swift in Sources */ = {isa = PBXBuildFile; fileRef = 54BD29F22899A8EE00222491 /* HTTPClient.swift */; };
		54BD29F52899A91D00222491 /* FeedItemsMapper.swift in Sources */ = {isa = PBXBuildFile; fileRef = 54BD29F42899A91D00222491 /* FeedItemsMapper.swift */; };
		54BD29F8289ABBA500222491 /* URLSessionHTTPClientTests.swift in Sources */ = {isa = PBXBuildFile; fileRef = 54BD29F7289ABBA500222491 /* URLSessionHTTPClientTests.swift */; };
		54BD29FB289AC6AD00222491 /* XCTestCase+MemoryLeakTracking.swift in Sources */ = {isa = PBXBuildFile; fileRef = 54BD29FA289AC6AD00222491 /* XCTestCase+MemoryLeakTracking.swift */; };
		54BD29FD289AD01B00222491 /* URLSessionHTTPClient.swift in Sources */ = {isa = PBXBuildFile; fileRef = 54BD29FC289AD01B00222491 /* URLSessionHTTPClient.swift */; };
		54C1718728AFA78900006C7C /* CacheFeedUseCaseTests.swift in Sources */ = {isa = PBXBuildFile; fileRef = 54C1718628AFA78900006C7C /* CacheFeedUseCaseTests.swift */; };
		54C1718A28AFBC6600006C7C /* LocalFeedLoader.swift in Sources */ = {isa = PBXBuildFile; fileRef = 54C1718928AFBC6600006C7C /* LocalFeedLoader.swift */; };
		54C1718C28AFBD8B00006C7C /* FeedStore.swift in Sources */ = {isa = PBXBuildFile; fileRef = 54C1718B28AFBD8B00006C7C /* FeedStore.swift */; };
		54C8D45028A1861E00E3E955 /* EssentialFeedEndToEndTests.swift in Sources */ = {isa = PBXBuildFile; fileRef = 54C8D44F28A1861E00E3E955 /* EssentialFeedEndToEndTests.swift */; };
		54C8D45128A1861E00E3E955 /* EssentialFeed.framework in Frameworks */ = {isa = PBXBuildFile; fileRef = 54BB3B992893D572007A6138 /* EssentialFeed.framework */; };
		54C8D45728A188FD00E3E955 /* XCTestCase+MemoryLeakTracking.swift in Sources */ = {isa = PBXBuildFile; fileRef = 54BD29FA289AC6AD00222491 /* XCTestCase+MemoryLeakTracking.swift */; };
/* End PBXBuildFile section */

/* Begin PBXContainerItemProxy section */
		54BB3BA32893D572007A6138 /* PBXContainerItemProxy */ = {
			isa = PBXContainerItemProxy;
			containerPortal = 54BB3B902893D572007A6138 /* Project object */;
			proxyType = 1;
			remoteGlobalIDString = 54BB3B982893D572007A6138;
			remoteInfo = EssentialFeed;
		};
		54C8D45228A1861E00E3E955 /* PBXContainerItemProxy */ = {
			isa = PBXContainerItemProxy;
			containerPortal = 54BB3B902893D572007A6138 /* Project object */;
			proxyType = 1;
			remoteGlobalIDString = 54BB3B982893D572007A6138;
			remoteInfo = EssentialFeed;
		};
/* End PBXContainerItemProxy section */

/* Begin PBXFileReference section */
		54995F4B28B10444006D353B /* LocalFeedImage.swift */ = {isa = PBXFileReference; lastKnownFileType = sourcecode.swift; path = LocalFeedImage.swift; sourceTree = "<group>"; };
		54995F4D28B14A2F006D353B /* RemoteFeedItem.swift */ = {isa = PBXFileReference; lastKnownFileType = sourcecode.swift; path = RemoteFeedItem.swift; sourceTree = "<group>"; };
		54995F4F28B15F66006D353B /* LoadFeedFromCacheUseCaseTests.swift */ = {isa = PBXFileReference; lastKnownFileType = sourcecode.swift; path = LoadFeedFromCacheUseCaseTests.swift; sourceTree = "<group>"; };
		54995F5128B15F95006D353B /* FeedStoreSpy.swift */ = {isa = PBXFileReference; lastKnownFileType = sourcecode.swift; path = FeedStoreSpy.swift; sourceTree = "<group>"; };
		54995F5328B3A3BD006D353B /* ValidateFeedCacheUseCaseTests.swift */ = {isa = PBXFileReference; lastKnownFileType = sourcecode.swift; path = ValidateFeedCacheUseCaseTests.swift; sourceTree = "<group>"; };
		54995F5528B3AD26006D353B /* FeedCacheTestHelpers.swift */ = {isa = PBXFileReference; lastKnownFileType = sourcecode.swift; path = FeedCacheTestHelpers.swift; sourceTree = "<group>"; };
		54995F5728B3AEFA006D353B /* SharedTestHelpers.swift */ = {isa = PBXFileReference; lastKnownFileType = sourcecode.swift; path = SharedTestHelpers.swift; sourceTree = "<group>"; };
		54995F5928B3B10D006D353B /* FeedCachePolicy.swift */ = {isa = PBXFileReference; lastKnownFileType = sourcecode.swift; path = FeedCachePolicy.swift; sourceTree = "<group>"; };
		54BB3B992893D572007A6138 /* EssentialFeed.framework */ = {isa = PBXFileReference; explicitFileType = wrapper.framework; includeInIndex = 0; path = EssentialFeed.framework; sourceTree = BUILT_PRODUCTS_DIR; };
		54BB3BA12893D572007A6138 /* EssentialFeedTests.xctest */ = {isa = PBXFileReference; explicitFileType = wrapper.cfbundle; includeInIndex = 0; path = EssentialFeedTests.xctest; sourceTree = BUILT_PRODUCTS_DIR; };
		54BB3BB12893D593007A6138 /* FeedImage.swift */ = {isa = PBXFileReference; lastKnownFileType = sourcecode.swift; path = FeedImage.swift; sourceTree = "<group>"; };
		54BB3BB32893D5F3007A6138 /* FeedLoader.swift */ = {isa = PBXFileReference; lastKnownFileType = sourcecode.swift; path = FeedLoader.swift; sourceTree = "<group>"; };
		54BB3BB62893E065007A6138 /* LoadFeedFromRemoteUseCaseTests.swift */ = {isa = PBXFileReference; lastKnownFileType = sourcecode.swift; path = LoadFeedFromRemoteUseCaseTests.swift; sourceTree = "<group>"; };
		54BB3BB92893EB5F007A6138 /* RemoteFeedLoader.swift */ = {isa = PBXFileReference; lastKnownFileType = sourcecode.swift; path = RemoteFeedLoader.swift; sourceTree = "<group>"; };
		54BD29F22899A8EE00222491 /* HTTPClient.swift */ = {isa = PBXFileReference; lastKnownFileType = sourcecode.swift; path = HTTPClient.swift; sourceTree = "<group>"; };
		54BD29F42899A91D00222491 /* FeedItemsMapper.swift */ = {isa = PBXFileReference; lastKnownFileType = sourcecode.swift; path = FeedItemsMapper.swift; sourceTree = "<group>"; };
		54BD29F7289ABBA500222491 /* URLSessionHTTPClientTests.swift */ = {isa = PBXFileReference; lastKnownFileType = sourcecode.swift; path = URLSessionHTTPClientTests.swift; sourceTree = "<group>"; };
		54BD29FA289AC6AD00222491 /* XCTestCase+MemoryLeakTracking.swift */ = {isa = PBXFileReference; lastKnownFileType = sourcecode.swift; path = "XCTestCase+MemoryLeakTracking.swift"; sourceTree = "<group>"; };
		54BD29FC289AD01B00222491 /* URLSessionHTTPClient.swift */ = {isa = PBXFileReference; lastKnownFileType = sourcecode.swift; path = URLSessionHTTPClient.swift; sourceTree = "<group>"; };
		54C1718628AFA78900006C7C /* CacheFeedUseCaseTests.swift */ = {isa = PBXFileReference; lastKnownFileType = sourcecode.swift; path = CacheFeedUseCaseTests.swift; sourceTree = "<group>"; };
		54C1718928AFBC6600006C7C /* LocalFeedLoader.swift */ = {isa = PBXFileReference; lastKnownFileType = sourcecode.swift; path = LocalFeedLoader.swift; sourceTree = "<group>"; };
		54C1718B28AFBD8B00006C7C /* FeedStore.swift */ = {isa = PBXFileReference; lastKnownFileType = sourcecode.swift; path = FeedStore.swift; sourceTree = "<group>"; };
		54C8D44D28A1861E00E3E955 /* EssentialFeedEndToEndTests.xctest */ = {isa = PBXFileReference; explicitFileType = wrapper.cfbundle; includeInIndex = 0; path = EssentialFeedEndToEndTests.xctest; sourceTree = BUILT_PRODUCTS_DIR; };
		54C8D44F28A1861E00E3E955 /* EssentialFeedEndToEndTests.swift */ = {isa = PBXFileReference; lastKnownFileType = sourcecode.swift; path = EssentialFeedEndToEndTests.swift; sourceTree = "<group>"; };
/* End PBXFileReference section */

/* Begin PBXFrameworksBuildPhase section */
		54BB3B962893D572007A6138 /* Frameworks */ = {
			isa = PBXFrameworksBuildPhase;
			buildActionMask = 2147483647;
			files = (
			);
			runOnlyForDeploymentPostprocessing = 0;
		};
		54BB3B9E2893D572007A6138 /* Frameworks */ = {
			isa = PBXFrameworksBuildPhase;
			buildActionMask = 2147483647;
			files = (
				54BB3BA22893D572007A6138 /* EssentialFeed.framework in Frameworks */,
			);
			runOnlyForDeploymentPostprocessing = 0;
		};
		54C8D44A28A1861E00E3E955 /* Frameworks */ = {
			isa = PBXFrameworksBuildPhase;
			buildActionMask = 2147483647;
			files = (
				54C8D45128A1861E00E3E955 /* EssentialFeed.framework in Frameworks */,
			);
			runOnlyForDeploymentPostprocessing = 0;
		};
/* End PBXFrameworksBuildPhase section */

/* Begin PBXGroup section */
		54BB3B8F2893D572007A6138 = {
			isa = PBXGroup;
			children = (
				54BB3B9B2893D572007A6138 /* EssentialFeed */,
				54BB3BA52893D572007A6138 /* EssentialFeedTests */,
				54C8D44E28A1861E00E3E955 /* EssentialFeedEndToEndTests */,
				54BB3B9A2893D572007A6138 /* Products */,
			);
			sourceTree = "<group>";
		};
		54BB3B9A2893D572007A6138 /* Products */ = {
			isa = PBXGroup;
			children = (
				54BB3B992893D572007A6138 /* EssentialFeed.framework */,
				54BB3BA12893D572007A6138 /* EssentialFeedTests.xctest */,
				54C8D44D28A1861E00E3E955 /* EssentialFeedEndToEndTests.xctest */,
			);
			name = Products;
			sourceTree = "<group>";
		};
		54BB3B9B2893D572007A6138 /* EssentialFeed */ = {
			isa = PBXGroup;
			children = (
				54C1718828AFBC3D00006C7C /* FeedCache */,
				54BB3BB82893EB40007A6138 /* FeedApi */,
				54BB3BB52893D6F2007A6138 /* FeedFeature */,
			);
			path = EssentialFeed;
			sourceTree = "<group>";
		};
		54BB3BA52893D572007A6138 /* EssentialFeedTests */ = {
			isa = PBXGroup;
			children = (
				54BD29F9289AC68600222491 /* Helpers */,
				54BD29F62899B01400222491 /* FeedApi */,
				54C1718528AFA73300006C7C /* FeedCache */,
			);
			path = EssentialFeedTests;
			sourceTree = "<group>";
		};
		54BB3BB52893D6F2007A6138 /* FeedFeature */ = {
			isa = PBXGroup;
			children = (
				54BB3BB12893D593007A6138 /* FeedImage.swift */,
				54BB3BB32893D5F3007A6138 /* FeedLoader.swift */,
			);
			path = FeedFeature;
			sourceTree = "<group>";
		};
		54BB3BB82893EB40007A6138 /* FeedApi */ = {
			isa = PBXGroup;
			children = (
				54BB3BB92893EB5F007A6138 /* RemoteFeedLoader.swift */,
				54995F4D28B14A2F006D353B /* RemoteFeedItem.swift */,
				54BD29F22899A8EE00222491 /* HTTPClient.swift */,
				54BD29F42899A91D00222491 /* FeedItemsMapper.swift */,
				54BD29FC289AD01B00222491 /* URLSessionHTTPClient.swift */,
			);
			path = FeedApi;
			sourceTree = "<group>";
		};
		54BD29F62899B01400222491 /* FeedApi */ = {
			isa = PBXGroup;
			children = (
				54BB3BB62893E065007A6138 /* LoadFeedFromRemoteUseCaseTests.swift */,
				54BD29F7289ABBA500222491 /* URLSessionHTTPClientTests.swift */,
			);
			path = FeedApi;
			sourceTree = "<group>";
		};
		54BD29F9289AC68600222491 /* Helpers */ = {
			isa = PBXGroup;
			children = (
				54BD29FA289AC6AD00222491 /* XCTestCase+MemoryLeakTracking.swift */,
				54995F5128B15F95006D353B /* FeedStoreSpy.swift */,
				54995F5528B3AD26006D353B /* FeedCacheTestHelpers.swift */,
				54995F5728B3AEFA006D353B /* SharedTestHelpers.swift */,
			);
			path = Helpers;
			sourceTree = "<group>";
		};
		54C1718528AFA73300006C7C /* FeedCache */ = {
			isa = PBXGroup;
			children = (
				54C1718628AFA78900006C7C /* CacheFeedUseCaseTests.swift */,
				54995F4F28B15F66006D353B /* LoadFeedFromCacheUseCaseTests.swift */,
				54995F5328B3A3BD006D353B /* ValidateFeedCacheUseCaseTests.swift */,
			);
			path = FeedCache;
			sourceTree = "<group>";
		};
		54C1718828AFBC3D00006C7C /* FeedCache */ = {
			isa = PBXGroup;
			children = (
				54C1718928AFBC6600006C7C /* LocalFeedLoader.swift */,
				54C1718B28AFBD8B00006C7C /* FeedStore.swift */,
				54995F4B28B10444006D353B /* LocalFeedImage.swift */,
				54995F5928B3B10D006D353B /* FeedCachePolicy.swift */,
			);
			path = FeedCache;
			sourceTree = "<group>";
		};
		54C8D44E28A1861E00E3E955 /* EssentialFeedEndToEndTests */ = {
			isa = PBXGroup;
			children = (
				54C8D44F28A1861E00E3E955 /* EssentialFeedEndToEndTests.swift */,
			);
			path = EssentialFeedEndToEndTests;
			sourceTree = "<group>";
		};
/* End PBXGroup section */

/* Begin PBXHeadersBuildPhase section */
		54BB3B942893D572007A6138 /* Headers */ = {
			isa = PBXHeadersBuildPhase;
			buildActionMask = 2147483647;
			files = (
			);
			runOnlyForDeploymentPostprocessing = 0;
		};
/* End PBXHeadersBuildPhase section */

/* Begin PBXNativeTarget section */
		54BB3B982893D572007A6138 /* EssentialFeed */ = {
			isa = PBXNativeTarget;
			buildConfigurationList = 54BB3BAB2893D572007A6138 /* Build configuration list for PBXNativeTarget "EssentialFeed" */;
			buildPhases = (
				54BB3B942893D572007A6138 /* Headers */,
				54BB3B952893D572007A6138 /* Sources */,
				54BB3B962893D572007A6138 /* Frameworks */,
				54BB3B972893D572007A6138 /* Resources */,
			);
			buildRules = (
			);
			dependencies = (
			);
			name = EssentialFeed;
			productName = EssentialFeed;
			productReference = 54BB3B992893D572007A6138 /* EssentialFeed.framework */;
			productType = "com.apple.product-type.framework";
		};
		54BB3BA02893D572007A6138 /* EssentialFeedTests */ = {
			isa = PBXNativeTarget;
			buildConfigurationList = 54BB3BAE2893D572007A6138 /* Build configuration list for PBXNativeTarget "EssentialFeedTests" */;
			buildPhases = (
				54BB3B9D2893D572007A6138 /* Sources */,
				54BB3B9E2893D572007A6138 /* Frameworks */,
				54BB3B9F2893D572007A6138 /* Resources */,
			);
			buildRules = (
			);
			dependencies = (
				54BB3BA42893D572007A6138 /* PBXTargetDependency */,
			);
			name = EssentialFeedTests;
			productName = EssentialFeedTests;
			productReference = 54BB3BA12893D572007A6138 /* EssentialFeedTests.xctest */;
			productType = "com.apple.product-type.bundle.unit-test";
		};
		54C8D44C28A1861E00E3E955 /* EssentialFeedEndToEndTests */ = {
			isa = PBXNativeTarget;
			buildConfigurationList = 54C8D45628A1861E00E3E955 /* Build configuration list for PBXNativeTarget "EssentialFeedEndToEndTests" */;
			buildPhases = (
				54C8D44928A1861E00E3E955 /* Sources */,
				54C8D44A28A1861E00E3E955 /* Frameworks */,
				54C8D44B28A1861E00E3E955 /* Resources */,
			);
			buildRules = (
			);
			dependencies = (
				54C8D45328A1861E00E3E955 /* PBXTargetDependency */,
			);
			name = EssentialFeedEndToEndTests;
			productName = EssentialFeedEndToEndTests;
			productReference = 54C8D44D28A1861E00E3E955 /* EssentialFeedEndToEndTests.xctest */;
			productType = "com.apple.product-type.bundle.unit-test";
		};
/* End PBXNativeTarget section */

/* Begin PBXProject section */
		54BB3B902893D572007A6138 /* Project object */ = {
			isa = PBXProject;
			attributes = {
				BuildIndependentTargetsInParallel = 1;
				LastSwiftUpdateCheck = 1340;
				LastUpgradeCheck = 1340;
				TargetAttributes = {
					54BB3B982893D572007A6138 = {
						CreatedOnToolsVersion = 13.4;
						LastSwiftMigration = 1340;
					};
					54BB3BA02893D572007A6138 = {
						CreatedOnToolsVersion = 13.4;
					};
					54C8D44C28A1861E00E3E955 = {
						CreatedOnToolsVersion = 13.4;
					};
				};
			};
			buildConfigurationList = 54BB3B932893D572007A6138 /* Build configuration list for PBXProject "EssentialFeed" */;
			compatibilityVersion = "Xcode 13.0";
			developmentRegion = en;
			hasScannedForEncodings = 0;
			knownRegions = (
				en,
				Base,
			);
			mainGroup = 54BB3B8F2893D572007A6138;
			productRefGroup = 54BB3B9A2893D572007A6138 /* Products */;
			projectDirPath = "";
			projectRoot = "";
			targets = (
				54BB3B982893D572007A6138 /* EssentialFeed */,
				54BB3BA02893D572007A6138 /* EssentialFeedTests */,
				54C8D44C28A1861E00E3E955 /* EssentialFeedEndToEndTests */,
			);
		};
/* End PBXProject section */

/* Begin PBXResourcesBuildPhase section */
		54BB3B972893D572007A6138 /* Resources */ = {
			isa = PBXResourcesBuildPhase;
			buildActionMask = 2147483647;
			files = (
			);
			runOnlyForDeploymentPostprocessing = 0;
		};
		54BB3B9F2893D572007A6138 /* Resources */ = {
			isa = PBXResourcesBuildPhase;
			buildActionMask = 2147483647;
			files = (
			);
			runOnlyForDeploymentPostprocessing = 0;
		};
		54C8D44B28A1861E00E3E955 /* Resources */ = {
			isa = PBXResourcesBuildPhase;
			buildActionMask = 2147483647;
			files = (
			);
			runOnlyForDeploymentPostprocessing = 0;
		};
/* End PBXResourcesBuildPhase section */

/* Begin PBXSourcesBuildPhase section */
		54BB3B952893D572007A6138 /* Sources */ = {
			isa = PBXSourcesBuildPhase;
			buildActionMask = 2147483647;
			files = (
				54BD29F52899A91D00222491 /* FeedItemsMapper.swift in Sources */,
				54BB3BB42893D5F3007A6138 /* FeedLoader.swift in Sources */,
				54BB3BBA2893EB5F007A6138 /* RemoteFeedLoader.swift in Sources */,
				54995F5A28B3B10D006D353B /* FeedCachePolicy.swift in Sources */,
				54C1718C28AFBD8B00006C7C /* FeedStore.swift in Sources */,
				54995F4C28B10444006D353B /* LocalFeedImage.swift in Sources */,
				54C1718A28AFBC6600006C7C /* LocalFeedLoader.swift in Sources */,
				54995F4E28B14A2F006D353B /* RemoteFeedItem.swift in Sources */,
				54BD29F32899A8EE00222491 /* HTTPClient.swift in Sources */,
				54BB3BB22893D593007A6138 /* FeedImage.swift in Sources */,
				54BD29FD289AD01B00222491 /* URLSessionHTTPClient.swift in Sources */,
			);
			runOnlyForDeploymentPostprocessing = 0;
		};
		54BB3B9D2893D572007A6138 /* Sources */ = {
			isa = PBXSourcesBuildPhase;
			buildActionMask = 2147483647;
			files = (
				54995F5628B3AD26006D353B /* FeedCacheTestHelpers.swift in Sources */,
				54995F5428B3A3BD006D353B /* ValidateFeedCacheUseCaseTests.swift in Sources */,
				54BB3BB72893E065007A6138 /* LoadFeedFromRemoteUseCaseTests.swift in Sources */,
				54BD29F8289ABBA500222491 /* URLSessionHTTPClientTests.swift in Sources */,
				54995F5228B15F95006D353B /* FeedStoreSpy.swift in Sources */,
				54995F5828B3AEFA006D353B /* SharedTestHelpers.swift in Sources */,
				54C1718728AFA78900006C7C /* CacheFeedUseCaseTests.swift in Sources */,
				54995F5028B15F66006D353B /* LoadFeedFromCacheUseCaseTests.swift in Sources */,
				54BD29FB289AC6AD00222491 /* XCTestCase+MemoryLeakTracking.swift in Sources */,
			);
			runOnlyForDeploymentPostprocessing = 0;
		};
		54C8D44928A1861E00E3E955 /* Sources */ = {
			isa = PBXSourcesBuildPhase;
			buildActionMask = 2147483647;
			files = (
				54C8D45028A1861E00E3E955 /* EssentialFeedEndToEndTests.swift in Sources */,
				54C8D45728A188FD00E3E955 /* XCTestCase+MemoryLeakTracking.swift in Sources */,
			);
			runOnlyForDeploymentPostprocessing = 0;
		};
/* End PBXSourcesBuildPhase section */

/* Begin PBXTargetDependency section */
		54BB3BA42893D572007A6138 /* PBXTargetDependency */ = {
			isa = PBXTargetDependency;
			target = 54BB3B982893D572007A6138 /* EssentialFeed */;
			targetProxy = 54BB3BA32893D572007A6138 /* PBXContainerItemProxy */;
		};
		54C8D45328A1861E00E3E955 /* PBXTargetDependency */ = {
			isa = PBXTargetDependency;
			target = 54BB3B982893D572007A6138 /* EssentialFeed */;
			targetProxy = 54C8D45228A1861E00E3E955 /* PBXContainerItemProxy */;
		};
/* End PBXTargetDependency section */

/* Begin XCBuildConfiguration section */
		54BB3BA92893D572007A6138 /* Debug */ = {
			isa = XCBuildConfiguration;
			buildSettings = {
				ALWAYS_SEARCH_USER_PATHS = NO;
				CLANG_ANALYZER_NONNULL = YES;
				CLANG_ANALYZER_NUMBER_OBJECT_CONVERSION = YES_AGGRESSIVE;
				CLANG_CXX_LANGUAGE_STANDARD = "gnu++17";
				CLANG_ENABLE_MODULES = YES;
				CLANG_ENABLE_OBJC_ARC = YES;
				CLANG_ENABLE_OBJC_WEAK = YES;
				CLANG_WARN_BLOCK_CAPTURE_AUTORELEASING = YES;
				CLANG_WARN_BOOL_CONVERSION = YES;
				CLANG_WARN_COMMA = YES;
				CLANG_WARN_CONSTANT_CONVERSION = YES;
				CLANG_WARN_DEPRECATED_OBJC_IMPLEMENTATIONS = YES;
				CLANG_WARN_DIRECT_OBJC_ISA_USAGE = YES_ERROR;
				CLANG_WARN_DOCUMENTATION_COMMENTS = YES;
				CLANG_WARN_EMPTY_BODY = YES;
				CLANG_WARN_ENUM_CONVERSION = YES;
				CLANG_WARN_INFINITE_RECURSION = YES;
				CLANG_WARN_INT_CONVERSION = YES;
				CLANG_WARN_NON_LITERAL_NULL_CONVERSION = YES;
				CLANG_WARN_OBJC_IMPLICIT_RETAIN_SELF = YES;
				CLANG_WARN_OBJC_LITERAL_CONVERSION = YES;
				CLANG_WARN_OBJC_ROOT_CLASS = YES_ERROR;
				CLANG_WARN_QUOTED_INCLUDE_IN_FRAMEWORK_HEADER = YES;
				CLANG_WARN_RANGE_LOOP_ANALYSIS = YES;
				CLANG_WARN_STRICT_PROTOTYPES = YES;
				CLANG_WARN_SUSPICIOUS_MOVE = YES;
				CLANG_WARN_UNGUARDED_AVAILABILITY = YES_AGGRESSIVE;
				CLANG_WARN_UNREACHABLE_CODE = YES;
				CLANG_WARN__DUPLICATE_METHOD_MATCH = YES;
				COPY_PHASE_STRIP = NO;
				CURRENT_PROJECT_VERSION = 1;
				DEBUG_INFORMATION_FORMAT = dwarf;
				ENABLE_STRICT_OBJC_MSGSEND = YES;
				ENABLE_TESTABILITY = YES;
				GCC_C_LANGUAGE_STANDARD = gnu11;
				GCC_DYNAMIC_NO_PIC = NO;
				GCC_NO_COMMON_BLOCKS = YES;
				GCC_OPTIMIZATION_LEVEL = 0;
				GCC_PREPROCESSOR_DEFINITIONS = (
					"DEBUG=1",
					"$(inherited)",
				);
				GCC_WARN_64_TO_32_BIT_CONVERSION = YES;
				GCC_WARN_ABOUT_RETURN_TYPE = YES_ERROR;
				GCC_WARN_UNDECLARED_SELECTOR = YES;
				GCC_WARN_UNINITIALIZED_AUTOS = YES_AGGRESSIVE;
				GCC_WARN_UNUSED_FUNCTION = YES;
				GCC_WARN_UNUSED_VARIABLE = YES;
				MACOSX_DEPLOYMENT_TARGET = 12.0;
				MTL_ENABLE_DEBUG_INFO = INCLUDE_SOURCE;
				MTL_FAST_MATH = YES;
				ONLY_ACTIVE_ARCH = YES;
				SDKROOT = macosx;
				SWIFT_ACTIVE_COMPILATION_CONDITIONS = DEBUG;
				SWIFT_OPTIMIZATION_LEVEL = "-Onone";
				VERSIONING_SYSTEM = "apple-generic";
				VERSION_INFO_PREFIX = "";
			};
			name = Debug;
		};
		54BB3BAA2893D572007A6138 /* Release */ = {
			isa = XCBuildConfiguration;
			buildSettings = {
				ALWAYS_SEARCH_USER_PATHS = NO;
				CLANG_ANALYZER_NONNULL = YES;
				CLANG_ANALYZER_NUMBER_OBJECT_CONVERSION = YES_AGGRESSIVE;
				CLANG_CXX_LANGUAGE_STANDARD = "gnu++17";
				CLANG_ENABLE_MODULES = YES;
				CLANG_ENABLE_OBJC_ARC = YES;
				CLANG_ENABLE_OBJC_WEAK = YES;
				CLANG_WARN_BLOCK_CAPTURE_AUTORELEASING = YES;
				CLANG_WARN_BOOL_CONVERSION = YES;
				CLANG_WARN_COMMA = YES;
				CLANG_WARN_CONSTANT_CONVERSION = YES;
				CLANG_WARN_DEPRECATED_OBJC_IMPLEMENTATIONS = YES;
				CLANG_WARN_DIRECT_OBJC_ISA_USAGE = YES_ERROR;
				CLANG_WARN_DOCUMENTATION_COMMENTS = YES;
				CLANG_WARN_EMPTY_BODY = YES;
				CLANG_WARN_ENUM_CONVERSION = YES;
				CLANG_WARN_INFINITE_RECURSION = YES;
				CLANG_WARN_INT_CONVERSION = YES;
				CLANG_WARN_NON_LITERAL_NULL_CONVERSION = YES;
				CLANG_WARN_OBJC_IMPLICIT_RETAIN_SELF = YES;
				CLANG_WARN_OBJC_LITERAL_CONVERSION = YES;
				CLANG_WARN_OBJC_ROOT_CLASS = YES_ERROR;
				CLANG_WARN_QUOTED_INCLUDE_IN_FRAMEWORK_HEADER = YES;
				CLANG_WARN_RANGE_LOOP_ANALYSIS = YES;
				CLANG_WARN_STRICT_PROTOTYPES = YES;
				CLANG_WARN_SUSPICIOUS_MOVE = YES;
				CLANG_WARN_UNGUARDED_AVAILABILITY = YES_AGGRESSIVE;
				CLANG_WARN_UNREACHABLE_CODE = YES;
				CLANG_WARN__DUPLICATE_METHOD_MATCH = YES;
				COPY_PHASE_STRIP = NO;
				CURRENT_PROJECT_VERSION = 1;
				DEBUG_INFORMATION_FORMAT = "dwarf-with-dsym";
				ENABLE_NS_ASSERTIONS = NO;
				ENABLE_STRICT_OBJC_MSGSEND = YES;
				GCC_C_LANGUAGE_STANDARD = gnu11;
				GCC_NO_COMMON_BLOCKS = YES;
				GCC_WARN_64_TO_32_BIT_CONVERSION = YES;
				GCC_WARN_ABOUT_RETURN_TYPE = YES_ERROR;
				GCC_WARN_UNDECLARED_SELECTOR = YES;
				GCC_WARN_UNINITIALIZED_AUTOS = YES_AGGRESSIVE;
				GCC_WARN_UNUSED_FUNCTION = YES;
				GCC_WARN_UNUSED_VARIABLE = YES;
				MACOSX_DEPLOYMENT_TARGET = 12.0;
				MTL_ENABLE_DEBUG_INFO = NO;
				MTL_FAST_MATH = YES;
				SDKROOT = macosx;
				SWIFT_COMPILATION_MODE = wholemodule;
				SWIFT_OPTIMIZATION_LEVEL = "-O";
				VERSIONING_SYSTEM = "apple-generic";
				VERSION_INFO_PREFIX = "";
			};
			name = Release;
		};
		54BB3BAC2893D572007A6138 /* Debug */ = {
			isa = XCBuildConfiguration;
			buildSettings = {
				CLANG_ENABLE_MODULES = YES;
				CODE_SIGN_STYLE = Automatic;
				COMBINE_HIDPI_IMAGES = YES;
				CURRENT_PROJECT_VERSION = 1;
				DEFINES_MODULE = YES;
				DEVELOPMENT_TEAM = RG5F42JUH9;
				DYLIB_COMPATIBILITY_VERSION = 1;
				DYLIB_CURRENT_VERSION = 1;
				DYLIB_INSTALL_NAME_BASE = "@rpath";
				GENERATE_INFOPLIST_FILE = YES;
				INFOPLIST_KEY_NSHumanReadableCopyright = "";
				INSTALL_PATH = "$(LOCAL_LIBRARY_DIR)/Frameworks";
				LD_RUNPATH_SEARCH_PATHS = (
					"$(inherited)",
					"@executable_path/../Frameworks",
					"@loader_path/Frameworks",
				);
				MARKETING_VERSION = 1.0;
				PRODUCT_BUNDLE_IDENTIFIER = maddalena.marco.EssentialFeed;
				PRODUCT_NAME = "$(TARGET_NAME:c99extidentifier)";
				SKIP_INSTALL = YES;
				SWIFT_EMIT_LOC_STRINGS = YES;
				SWIFT_OPTIMIZATION_LEVEL = "-Onone";
				SWIFT_VERSION = 5.0;
			};
			name = Debug;
		};
		54BB3BAD2893D572007A6138 /* Release */ = {
			isa = XCBuildConfiguration;
			buildSettings = {
				CLANG_ENABLE_MODULES = YES;
				CODE_SIGN_STYLE = Automatic;
				COMBINE_HIDPI_IMAGES = YES;
				CURRENT_PROJECT_VERSION = 1;
				DEFINES_MODULE = YES;
				DEVELOPMENT_TEAM = RG5F42JUH9;
				DYLIB_COMPATIBILITY_VERSION = 1;
				DYLIB_CURRENT_VERSION = 1;
				DYLIB_INSTALL_NAME_BASE = "@rpath";
				GENERATE_INFOPLIST_FILE = YES;
				INFOPLIST_KEY_NSHumanReadableCopyright = "";
				INSTALL_PATH = "$(LOCAL_LIBRARY_DIR)/Frameworks";
				LD_RUNPATH_SEARCH_PATHS = (
					"$(inherited)",
					"@executable_path/../Frameworks",
					"@loader_path/Frameworks",
				);
				MARKETING_VERSION = 1.0;
				PRODUCT_BUNDLE_IDENTIFIER = maddalena.marco.EssentialFeed;
				PRODUCT_NAME = "$(TARGET_NAME:c99extidentifier)";
				SKIP_INSTALL = YES;
				SWIFT_EMIT_LOC_STRINGS = YES;
				SWIFT_VERSION = 5.0;
			};
			name = Release;
		};
		54BB3BAF2893D572007A6138 /* Debug */ = {
			isa = XCBuildConfiguration;
			buildSettings = {
				ALWAYS_EMBED_SWIFT_STANDARD_LIBRARIES = YES;
				CODE_SIGN_STYLE = Automatic;
				CURRENT_PROJECT_VERSION = 1;
				DEVELOPMENT_TEAM = RG5F42JUH9;
				GENERATE_INFOPLIST_FILE = YES;
				MARKETING_VERSION = 1.0;
				PRODUCT_BUNDLE_IDENTIFIER = maddalena.marco.EssentialFeedTests;
				PRODUCT_NAME = "$(TARGET_NAME)";
				SWIFT_EMIT_LOC_STRINGS = NO;
				SWIFT_VERSION = 5.0;
			};
			name = Debug;
		};
		54BB3BB02893D572007A6138 /* Release */ = {
			isa = XCBuildConfiguration;
			buildSettings = {
				ALWAYS_EMBED_SWIFT_STANDARD_LIBRARIES = YES;
				CODE_SIGN_STYLE = Automatic;
				CURRENT_PROJECT_VERSION = 1;
				DEVELOPMENT_TEAM = RG5F42JUH9;
				GENERATE_INFOPLIST_FILE = YES;
				MARKETING_VERSION = 1.0;
				PRODUCT_BUNDLE_IDENTIFIER = maddalena.marco.EssentialFeedTests;
				PRODUCT_NAME = "$(TARGET_NAME)";
				SWIFT_EMIT_LOC_STRINGS = NO;
				SWIFT_VERSION = 5.0;
			};
			name = Release;
		};
		54C8D45428A1861E00E3E955 /* Debug */ = {
			isa = XCBuildConfiguration;
			buildSettings = {
				CODE_SIGN_STYLE = Automatic;
				CURRENT_PROJECT_VERSION = 1;
				DEVELOPMENT_TEAM = RG5F42JUH9;
				GENERATE_INFOPLIST_FILE = YES;
				MARKETING_VERSION = 1.0;
				PRODUCT_BUNDLE_IDENTIFIER = maddalena.marco.EssentialFeedEndToEndTests;
				PRODUCT_NAME = "$(TARGET_NAME)";
				SWIFT_EMIT_LOC_STRINGS = NO;
				SWIFT_VERSION = 5.0;
			};
			name = Debug;
		};
		54C8D45528A1861E00E3E955 /* Release */ = {
			isa = XCBuildConfiguration;
			buildSettings = {
				CODE_SIGN_STYLE = Automatic;
				CURRENT_PROJECT_VERSION = 1;
				DEVELOPMENT_TEAM = RG5F42JUH9;
				GENERATE_INFOPLIST_FILE = YES;
				MARKETING_VERSION = 1.0;
				PRODUCT_BUNDLE_IDENTIFIER = maddalena.marco.EssentialFeedEndToEndTests;
				PRODUCT_NAME = "$(TARGET_NAME)";
				SWIFT_EMIT_LOC_STRINGS = NO;
				SWIFT_VERSION = 5.0;
			};
			name = Release;
		};
/* End XCBuildConfiguration section */

/* Begin XCConfigurationList section */
		54BB3B932893D572007A6138 /* Build configuration list for PBXProject "EssentialFeed" */ = {
			isa = XCConfigurationList;
			buildConfigurations = (
				54BB3BA92893D572007A6138 /* Debug */,
				54BB3BAA2893D572007A6138 /* Release */,
			);
			defaultConfigurationIsVisible = 0;
			defaultConfigurationName = Release;
		};
		54BB3BAB2893D572007A6138 /* Build configuration list for PBXNativeTarget "EssentialFeed" */ = {
			isa = XCConfigurationList;
			buildConfigurations = (
				54BB3BAC2893D572007A6138 /* Debug */,
				54BB3BAD2893D572007A6138 /* Release */,
			);
			defaultConfigurationIsVisible = 0;
			defaultConfigurationName = Release;
		};
		54BB3BAE2893D572007A6138 /* Build configuration list for PBXNativeTarget "EssentialFeedTests" */ = {
			isa = XCConfigurationList;
			buildConfigurations = (
				54BB3BAF2893D572007A6138 /* Debug */,
				54BB3BB02893D572007A6138 /* Release */,
			);
			defaultConfigurationIsVisible = 0;
			defaultConfigurationName = Release;
		};
		54C8D45628A1861E00E3E955 /* Build configuration list for PBXNativeTarget "EssentialFeedEndToEndTests" */ = {
			isa = XCConfigurationList;
			buildConfigurations = (
				54C8D45428A1861E00E3E955 /* Debug */,
				54C8D45528A1861E00E3E955 /* Release */,
			);
			defaultConfigurationIsVisible = 0;
			defaultConfigurationName = Release;
		};
/* End XCConfigurationList section */
	};
	rootObject = 54BB3B902893D572007A6138 /* Project object */;
}
